
Microsoft Visual Studio Solution File, Format Version 12.00
# Visual Studio Version 16
VisualStudioVersion = 16.0.29509.3
MinimumVisualStudioVersion = 10.0.40219.1
Project("{9A19103F-16F7-4668-BE54-9A1E7A4F7556}") = "RebusCore", "RebusCore\RebusCore.csproj", "{AA40BB18-8E8F-487E-A92C-E889C3FE76E4}"
EndProject
Project("{9A19103F-16F7-4668-BE54-9A1E7A4F7556}") = "RebusNeo", "RebusNeo\RebusNeo.csproj", "{346EEC11-1E4E-47D8-9FFE-0080CAE18ACE}"
	ProjectSection(ProjectDependencies) = postProject
		{AA40BB18-8E8F-487E-A92C-E889C3FE76E4} = {AA40BB18-8E8F-487E-A92C-E889C3FE76E4}
	EndProjectSection
EndProject
Global
	GlobalSection(SolutionConfigurationPlatforms) = preSolution
		Debug|Any CPU = Debug|Any CPU
		Release|Any CPU = Release|Any CPU
	EndGlobalSection
	GlobalSection(ProjectConfigurationPlatforms) = postSolution
		{AA40BB18-8E8F-487E-A92C-E889C3FE76E4}.Debug|Any CPU.ActiveCfg = Debug|Any CPU
		{AA40BB18-8E8F-487E-A92C-E889C3FE76E4}.Debug|Any CPU.Build.0 = Debug|Any CPU
		{AA40BB18-8E8F-487E-A92C-E889C3FE76E4}.Release|Any CPU.ActiveCfg = Release|Any CPU
		{AA40BB18-8E8F-487E-A92C-E889C3FE76E4}.Release|Any CPU.Build.0 = Release|Any CPU
		{346EEC11-1E4E-47D8-9FFE-0080CAE18ACE}.Debug|Any CPU.ActiveCfg = Debug|Any CPU
		{346EEC11-1E4E-47D8-9FFE-0080CAE18ACE}.Debug|Any CPU.Build.0 = Debug|Any CPU
		{346EEC11-1E4E-47D8-9FFE-0080CAE18ACE}.Release|Any CPU.ActiveCfg = Release|Any CPU
		{346EEC11-1E4E-47D8-9FFE-0080CAE18ACE}.Release|Any CPU.Build.0 = Release|Any CPU
	EndGlobalSection
	GlobalSection(SolutionProperties) = preSolution
		HideSolutionNode = FALSE
	EndGlobalSection
	GlobalSection(ExtensibilityGlobals) = postSolution
		SolutionGuid = {72AC3982-563B-4F89-8859-9A2ABD654EA9}
	EndGlobalSection
EndGlobal
